
Microsoft Visual Studio Solution File, Format Version 12.00
# Visual Studio 2013
VisualStudioVersion = 12.0.20623.1 VSUPREVIEW
MinimumVisualStudioVersion = 10.0.40219.1
Project("{FAE04EC0-301F-11D3-BF4B-00C04F79EFBC}") = "01-02.RandomGenerators", "01-02.RandomGenerators\01-02.RandomGenerators.csproj", "{6C9E2139-3A1C-49C1-8F05-FADF4AE25D2C}"
EndProject
Project("{FAE04EC0-301F-11D3-BF4B-00C04F79EFBC}") = "03.Escaping", "03.Escaping\03.Escaping.csproj", "{DE03B6DF-9F3E-4820-9724-56A18BB9898E}"
EndProject
Project("{FAE04EC0-301F-11D3-BF4B-00C04F79EFBC}") = "04.StudentsForm", "04.StudentsForm\04.StudentsForm.csproj", "{24C13144-9DCC-4859-917D-DC5E1F29063E}"
EndProject
Project("{FAE04EC0-301F-11D3-BF4B-00C04F79EFBC}") = "06.WebCalculator", "06.WebCalculator\06.WebCalculator.csproj", "{6E6EE03D-2215-492F-BB8E-32F15860DB84}"
EndProject
Global
	GlobalSection(SolutionConfigurationPlatforms) = preSolution
		Debug|Any CPU = Debug|Any CPU
		Release|Any CPU = Release|Any CPU
	EndGlobalSection
	GlobalSection(ProjectConfigurationPlatforms) = postSolution
		{6C9E2139-3A1C-49C1-8F05-FADF4AE25D2C}.Debug|Any CPU.ActiveCfg = Debug|Any CPU
		{6C9E2139-3A1C-49C1-8F05-FADF4AE25D2C}.Debug|Any CPU.Build.0 = Debug|Any CPU
		{6C9E2139-3A1C-49C1-8F05-FADF4AE25D2C}.Release|Any CPU.ActiveCfg = Release|Any CPU
		{6C9E2139-3A1C-49C1-8F05-FADF4AE25D2C}.Release|Any CPU.Build.0 = Release|Any CPU
		{DE03B6DF-9F3E-4820-9724-56A18BB9898E}.Debug|Any CPU.ActiveCfg = Debug|Any CPU
		{DE03B6DF-9F3E-4820-9724-56A18BB9898E}.Debug|Any CPU.Build.0 = Debug|Any CPU
		{DE03B6DF-9F3E-4820-9724-56A18BB9898E}.Release|Any CPU.ActiveCfg = Release|Any CPU
		{DE03B6DF-9F3E-4820-9724-56A18BB9898E}.Release|Any CPU.Build.0 = Release|Any CPU
		{24C13144-9DCC-4859-917D-DC5E1F29063E}.Debug|Any CPU.ActiveCfg = Debug|Any CPU
		{24C13144-9DCC-4859-917D-DC5E1F29063E}.Debug|Any CPU.Build.0 = Debug|Any CPU
		{24C13144-9DCC-4859-917D-DC5E1F29063E}.Release|Any CPU.ActiveCfg = Release|Any CPU
		{24C13144-9DCC-4859-917D-DC5E1F29063E}.Release|Any CPU.Build.0 = Release|Any CPU
		{6E6EE03D-2215-492F-BB8E-32F15860DB84}.Debug|Any CPU.ActiveCfg = Debug|Any CPU
		{6E6EE03D-2215-492F-BB8E-32F15860DB84}.Debug|Any CPU.Build.0 = Debug|Any CPU
		{6E6EE03D-2215-492F-BB8E-32F15860DB84}.Release|Any CPU.ActiveCfg = Release|Any CPU
		{6E6EE03D-2215-492F-BB8E-32F15860DB84}.Release|Any CPU.Build.0 = Release|Any CPU
	EndGlobalSection
	GlobalSection(SolutionProperties) = preSolution
		HideSolutionNode = FALSE
	EndGlobalSection
EndGlobal
