
Microsoft Visual Studio Solution File, Format Version 12.00
# Visual Studio 2012
Project("{FAE04EC0-301F-11D3-BF4B-00C04F79EFBC}") = "University.Models", "University.Models\University.Models.csproj", "{240003CA-A2CF-412B-8673-68A3667D0437}"
EndProject
Project("{FAE04EC0-301F-11D3-BF4B-00C04F79EFBC}") = "University.Data", "University.Data\University.Data.csproj", "{A90E110F-A052-408B-9D15-002A4FC69182}"
EndProject
Project("{FAE04EC0-301F-11D3-BF4B-00C04F79EFBC}") = "University.Client", "University.Client\University.Client.csproj", "{8354C62D-4286-44D1-AB58-345E4BB9A721}"
EndProject
Global
	GlobalSection(SolutionConfigurationPlatforms) = preSolution
		Debug|Any CPU = Debug|Any CPU
		Release|Any CPU = Release|Any CPU
	EndGlobalSection
	GlobalSection(ProjectConfigurationPlatforms) = postSolution
		{240003CA-A2CF-412B-8673-68A3667D0437}.Debug|Any CPU.ActiveCfg = Debug|Any CPU
		{240003CA-A2CF-412B-8673-68A3667D0437}.Debug|Any CPU.Build.0 = Debug|Any CPU
		{240003CA-A2CF-412B-8673-68A3667D0437}.Release|Any CPU.ActiveCfg = Release|Any CPU
		{240003CA-A2CF-412B-8673-68A3667D0437}.Release|Any CPU.Build.0 = Release|Any CPU
		{A90E110F-A052-408B-9D15-002A4FC69182}.Debug|Any CPU.ActiveCfg = Debug|Any CPU
		{A90E110F-A052-408B-9D15-002A4FC69182}.Debug|Any CPU.Build.0 = Debug|Any CPU
		{A90E110F-A052-408B-9D15-002A4FC69182}.Release|Any CPU.ActiveCfg = Release|Any CPU
		{A90E110F-A052-408B-9D15-002A4FC69182}.Release|Any CPU.Build.0 = Release|Any CPU
		{8354C62D-4286-44D1-AB58-345E4BB9A721}.Debug|Any CPU.ActiveCfg = Debug|Any CPU
		{8354C62D-4286-44D1-AB58-345E4BB9A721}.Debug|Any CPU.Build.0 = Debug|Any CPU
		{8354C62D-4286-44D1-AB58-345E4BB9A721}.Release|Any CPU.ActiveCfg = Release|Any CPU
		{8354C62D-4286-44D1-AB58-345E4BB9A721}.Release|Any CPU.Build.0 = Release|Any CPU
	EndGlobalSection
	GlobalSection(SolutionProperties) = preSolution
		HideSolutionNode = FALSE
	EndGlobalSection
EndGlobal
