
Microsoft Visual Studio Solution File, Format Version 12.00
# Visual Studio 2012
Project("{FAE04EC0-301F-11D3-BF4B-00C04F79EFBC}") = "Schools.Data", "Schools.Data\Schools.Data.csproj", "{3D08C7E9-1D80-40F9-95F0-0E728A56DB6B}"
EndProject
Project("{FAE04EC0-301F-11D3-BF4B-00C04F79EFBC}") = "Schools.WebApi", "Schools.WebApi\Schools.WebApi.csproj", "{FDE4329A-E8D7-44FC-9DFD-CF535642DDAB}"
EndProject
Project("{FAE04EC0-301F-11D3-BF4B-00C04F79EFBC}") = "Schools.Repositories", "Schools.Repositories\Schools.Repositories.csproj", "{0AB38CF5-1AD5-411E-BF57-D88FA08840CF}"
EndProject
Project("{FAE04EC0-301F-11D3-BF4B-00C04F79EFBC}") = "SchoolsWebApi.Tests", "SchoolsWebApi.Tests\SchoolsWebApi.Tests.csproj", "{7B4EB970-6587-485C-948E-6D0F0379B9AB}"
EndProject
Project("{2150E333-8FDC-42A3-9474-1A3956D46DE8}") = ".nuget", ".nuget", "{4E82A97F-09BD-46B4-BF73-17C76C1DC613}"
	ProjectSection(SolutionItems) = preProject
		.nuget\NuGet.Config = .nuget\NuGet.Config
		.nuget\NuGet.exe = .nuget\NuGet.exe
		.nuget\NuGet.targets = .nuget\NuGet.targets
	EndProjectSection
EndProject
Global
	GlobalSection(SolutionConfigurationPlatforms) = preSolution
		Debug|Any CPU = Debug|Any CPU
		Release|Any CPU = Release|Any CPU
	EndGlobalSection
	GlobalSection(ProjectConfigurationPlatforms) = postSolution
		{3D08C7E9-1D80-40F9-95F0-0E728A56DB6B}.Debug|Any CPU.ActiveCfg = Debug|Any CPU
		{3D08C7E9-1D80-40F9-95F0-0E728A56DB6B}.Debug|Any CPU.Build.0 = Debug|Any CPU
		{3D08C7E9-1D80-40F9-95F0-0E728A56DB6B}.Release|Any CPU.ActiveCfg = Release|Any CPU
		{3D08C7E9-1D80-40F9-95F0-0E728A56DB6B}.Release|Any CPU.Build.0 = Release|Any CPU
		{FDE4329A-E8D7-44FC-9DFD-CF535642DDAB}.Debug|Any CPU.ActiveCfg = Debug|Any CPU
		{FDE4329A-E8D7-44FC-9DFD-CF535642DDAB}.Debug|Any CPU.Build.0 = Debug|Any CPU
		{FDE4329A-E8D7-44FC-9DFD-CF535642DDAB}.Release|Any CPU.ActiveCfg = Release|Any CPU
		{FDE4329A-E8D7-44FC-9DFD-CF535642DDAB}.Release|Any CPU.Build.0 = Release|Any CPU
		{0AB38CF5-1AD5-411E-BF57-D88FA08840CF}.Debug|Any CPU.ActiveCfg = Debug|Any CPU
		{0AB38CF5-1AD5-411E-BF57-D88FA08840CF}.Debug|Any CPU.Build.0 = Debug|Any CPU
		{0AB38CF5-1AD5-411E-BF57-D88FA08840CF}.Release|Any CPU.ActiveCfg = Release|Any CPU
		{0AB38CF5-1AD5-411E-BF57-D88FA08840CF}.Release|Any CPU.Build.0 = Release|Any CPU
		{7B4EB970-6587-485C-948E-6D0F0379B9AB}.Debug|Any CPU.ActiveCfg = Debug|Any CPU
		{7B4EB970-6587-485C-948E-6D0F0379B9AB}.Debug|Any CPU.Build.0 = Debug|Any CPU
		{7B4EB970-6587-485C-948E-6D0F0379B9AB}.Release|Any CPU.ActiveCfg = Release|Any CPU
		{7B4EB970-6587-485C-948E-6D0F0379B9AB}.Release|Any CPU.Build.0 = Release|Any CPU
	EndGlobalSection
	GlobalSection(SolutionProperties) = preSolution
		HideSolutionNode = FALSE
	EndGlobalSection
EndGlobal
