
Microsoft Visual Studio Solution File, Format Version 12.00
# Visual Studio 2013
VisualStudioVersion = 12.0.20623.1 VSUPREVIEW
MinimumVisualStudioVersion = 10.0.40219.1
Project("{FAE04EC0-301F-11D3-BF4B-00C04F79EFBC}") = "01.CarsPlatform", "01.CarsPlatform\01.CarsPlatform.csproj", "{475BA307-7B9D-4EAE-B18A-F13425A98649}"
EndProject
Project("{FAE04EC0-301F-11D3-BF4B-00C04F79EFBC}") = "02.NorthWindEmployees", "02.NorthWindEmployees\02.NorthWindEmployees.csproj", "{B990E733-8ED4-491F-9704-8C72C62AD3AA}"
EndProject
Project("{FAE04EC0-301F-11D3-BF4B-00C04F79EFBC}") = "07.XmlReader", "07.XmlReader\07.XmlReader.csproj", "{46144C3C-FE51-4DA4-8C24-04F8FEA8AD88}"
EndProject
Global
	GlobalSection(SolutionConfigurationPlatforms) = preSolution
		Debug|Any CPU = Debug|Any CPU
		Release|Any CPU = Release|Any CPU
	EndGlobalSection
	GlobalSection(ProjectConfigurationPlatforms) = postSolution
		{475BA307-7B9D-4EAE-B18A-F13425A98649}.Debug|Any CPU.ActiveCfg = Debug|Any CPU
		{475BA307-7B9D-4EAE-B18A-F13425A98649}.Debug|Any CPU.Build.0 = Debug|Any CPU
		{475BA307-7B9D-4EAE-B18A-F13425A98649}.Release|Any CPU.ActiveCfg = Release|Any CPU
		{475BA307-7B9D-4EAE-B18A-F13425A98649}.Release|Any CPU.Build.0 = Release|Any CPU
		{B990E733-8ED4-491F-9704-8C72C62AD3AA}.Debug|Any CPU.ActiveCfg = Debug|Any CPU
		{B990E733-8ED4-491F-9704-8C72C62AD3AA}.Debug|Any CPU.Build.0 = Debug|Any CPU
		{B990E733-8ED4-491F-9704-8C72C62AD3AA}.Release|Any CPU.ActiveCfg = Release|Any CPU
		{B990E733-8ED4-491F-9704-8C72C62AD3AA}.Release|Any CPU.Build.0 = Release|Any CPU
		{46144C3C-FE51-4DA4-8C24-04F8FEA8AD88}.Debug|Any CPU.ActiveCfg = Debug|Any CPU
		{46144C3C-FE51-4DA4-8C24-04F8FEA8AD88}.Debug|Any CPU.Build.0 = Debug|Any CPU
		{46144C3C-FE51-4DA4-8C24-04F8FEA8AD88}.Release|Any CPU.ActiveCfg = Release|Any CPU
		{46144C3C-FE51-4DA4-8C24-04F8FEA8AD88}.Release|Any CPU.Build.0 = Release|Any CPU
	EndGlobalSection
	GlobalSection(SolutionProperties) = preSolution
		HideSolutionNode = FALSE
	EndGlobalSection
EndGlobal
