
Microsoft Visual Studio Solution File, Format Version 12.00
# Visual Studio 2012
Project("{FAE04EC0-301F-11D3-BF4B-00C04F79EFBC}") = "02.ReverseString", "02.ReverseString\02.ReverseString.csproj", "{14343C1A-D1E1-4B11-A5B7-F6C53891B282}"
EndProject
Project("{FAE04EC0-301F-11D3-BF4B-00C04F79EFBC}") = "03.CheckBrackets", "03.CheckBrackets\03.CheckBrackets.csproj", "{9CC6D0FB-5881-4B7F-85FE-B25E53218B1C}"
EndProject
Project("{FAE04EC0-301F-11D3-BF4B-00C04F79EFBC}") = "04.CountSubstring", "04.CountSubstring\04.CountSubstring.csproj", "{00B8B3D0-9893-4F64-9227-810B980CC853}"
EndProject
Project("{FAE04EC0-301F-11D3-BF4B-00C04F79EFBC}") = "05.CapitalizeTags", "05.CapitalizeTags\05.CapitalizeTags.csproj", "{20BB8B50-EAE0-47C8-88FD-B0F454F105AF}"
EndProject
Project("{FAE04EC0-301F-11D3-BF4B-00C04F79EFBC}") = "06.MaskString", "06.MaskString\06.MaskString.csproj", "{95522E16-B242-4CF8-8769-9426889CECE5}"
EndProject
Project("{FAE04EC0-301F-11D3-BF4B-00C04F79EFBC}") = "07.StringEncryption", "07.StringEncryption\07.StringEncryption.csproj", "{74DABD81-5515-48B7-8D6C-D12838027E92}"
EndProject
Project("{FAE04EC0-301F-11D3-BF4B-00C04F79EFBC}") = "08.ExtractSentences", "08.ExtractSentences\08.ExtractSentences.csproj", "{A0ACD3F4-8280-4C40-AECE-F735F8064342}"
EndProject
Project("{FAE04EC0-301F-11D3-BF4B-00C04F79EFBC}") = "09.ForbiddenWords", "09.ForbiddenWords\09.ForbiddenWords.csproj", "{D073879F-93E4-482E-93DD-252C055C3342}"
EndProject
Project("{FAE04EC0-301F-11D3-BF4B-00C04F79EFBC}") = "10.ConvertToUnicode", "10.ConvertToUnicode\10.ConvertToUnicode.csproj", "{F52AA636-16A0-4AC6-B3B9-4AD38E2FF7F7}"
EndProject
Project("{FAE04EC0-301F-11D3-BF4B-00C04F79EFBC}") = "11.PrintDifferentFormats", "11.PrintDifferentFormats\11.PrintDifferentFormats.csproj", "{DA71F68A-C114-497D-BEBB-4782B0E48A03}"
EndProject
Project("{FAE04EC0-301F-11D3-BF4B-00C04F79EFBC}") = "12.ExtractUrl", "12.ExtractUrl\12.ExtractUrl.csproj", "{EC519587-48A6-4455-8178-6BD825798B9E}"
EndProject
Project("{FAE04EC0-301F-11D3-BF4B-00C04F79EFBC}") = "13.ReverseWordOrder", "13.ReverseWordOrder\13.ReverseWordOrder.csproj", "{DA18DBF7-ACE6-48C8-A10D-73C067BB04AB}"
EndProject
Project("{FAE04EC0-301F-11D3-BF4B-00C04F79EFBC}") = "14.Dictionary", "14.Dictionary\14.Dictionary.csproj", "{910CAB4E-D8F1-41F2-AA34-C06D6162FACF}"
EndProject
Project("{FAE04EC0-301F-11D3-BF4B-00C04F79EFBC}") = "15.ReplaceHrefTags", "15.ReplaceHrefTags\15.ReplaceHrefTags.csproj", "{7FAC4857-1CF7-453C-9A2D-FD554329EC60}"
EndProject
Project("{FAE04EC0-301F-11D3-BF4B-00C04F79EFBC}") = "16.DaysDifference", "16.DaysDifference\16.DaysDifference.csproj", "{7A77C106-C65C-4BFD-9AAD-CFE14C76E5DE}"
EndProject
Project("{FAE04EC0-301F-11D3-BF4B-00C04F79EFBC}") = "17.HoursDifference", "17.HoursDifference\17.HoursDifference.csproj", "{16E5E02E-8E81-42C0-AA8E-5519C5459EC9}"
EndProject
Project("{FAE04EC0-301F-11D3-BF4B-00C04F79EFBC}") = "18.ExtractEmails", "18.ExtractEmails\18.ExtractEmails.csproj", "{159EFE65-62B6-40EE-85FB-49B22584A2EB}"
EndProject
Project("{FAE04EC0-301F-11D3-BF4B-00C04F79EFBC}") = "19.ExtractDates", "19.ExtractDates\19.ExtractDates.csproj", "{99087251-EF98-4E74-8FD7-F364E553F3EB}"
EndProject
Project("{FAE04EC0-301F-11D3-BF4B-00C04F79EFBC}") = "20.Palindromes", "20.Palindromes\20.Palindromes.csproj", "{FD1B92C8-8FD1-4982-9171-CE23947C2455}"
EndProject
Project("{FAE04EC0-301F-11D3-BF4B-00C04F79EFBC}") = "21.CountLetters", "21.CountLetters\21.CountLetters.csproj", "{01DC47DB-66C4-4CAC-BC32-BD7C84BBE36F}"
EndProject
Project("{FAE04EC0-301F-11D3-BF4B-00C04F79EFBC}") = "22.CountWords", "22.CountWords\22.CountWords.csproj", "{5A0866B5-E427-464E-B1EC-B72C4B99F4C4}"
EndProject
Project("{FAE04EC0-301F-11D3-BF4B-00C04F79EFBC}") = "23.ReplaceRepeatingLetters", "23.ReplaceRepeatingLetters\23.ReplaceRepeatingLetters.csproj", "{650B78B2-AC6C-4BC4-BD63-4A6BDDA956E7}"
EndProject
Project("{FAE04EC0-301F-11D3-BF4B-00C04F79EFBC}") = "24.AlphabeticalWords", "24.AlphabeticalWords\24.AlphabeticalWords.csproj", "{F511CA7F-181A-45AB-97FD-7740B5BB1BC0}"
EndProject
Project("{FAE04EC0-301F-11D3-BF4B-00C04F79EFBC}") = "25.ExtractFromTags", "25.ExtractFromTags\25.ExtractFromTags.csproj", "{CF530C9A-C98E-4C7A-AFF0-440B5D9BFAE4}"
EndProject
Global
	GlobalSection(SolutionConfigurationPlatforms) = preSolution
		Debug|Any CPU = Debug|Any CPU
		Debug|Mixed Platforms = Debug|Mixed Platforms
		Debug|x86 = Debug|x86
		Release|Any CPU = Release|Any CPU
		Release|Mixed Platforms = Release|Mixed Platforms
		Release|x86 = Release|x86
	EndGlobalSection
	GlobalSection(ProjectConfigurationPlatforms) = postSolution
		{14343C1A-D1E1-4B11-A5B7-F6C53891B282}.Debug|Any CPU.ActiveCfg = Debug|Any CPU
		{14343C1A-D1E1-4B11-A5B7-F6C53891B282}.Debug|Any CPU.Build.0 = Debug|Any CPU
		{14343C1A-D1E1-4B11-A5B7-F6C53891B282}.Debug|Mixed Platforms.ActiveCfg = Debug|Any CPU
		{14343C1A-D1E1-4B11-A5B7-F6C53891B282}.Debug|Mixed Platforms.Build.0 = Debug|Any CPU
		{14343C1A-D1E1-4B11-A5B7-F6C53891B282}.Debug|x86.ActiveCfg = Debug|Any CPU
		{14343C1A-D1E1-4B11-A5B7-F6C53891B282}.Release|Any CPU.ActiveCfg = Release|Any CPU
		{14343C1A-D1E1-4B11-A5B7-F6C53891B282}.Release|Any CPU.Build.0 = Release|Any CPU
		{14343C1A-D1E1-4B11-A5B7-F6C53891B282}.Release|Mixed Platforms.ActiveCfg = Release|Any CPU
		{14343C1A-D1E1-4B11-A5B7-F6C53891B282}.Release|Mixed Platforms.Build.0 = Release|Any CPU
		{14343C1A-D1E1-4B11-A5B7-F6C53891B282}.Release|x86.ActiveCfg = Release|Any CPU
		{9CC6D0FB-5881-4B7F-85FE-B25E53218B1C}.Debug|Any CPU.ActiveCfg = Debug|Any CPU
		{9CC6D0FB-5881-4B7F-85FE-B25E53218B1C}.Debug|Any CPU.Build.0 = Debug|Any CPU
		{9CC6D0FB-5881-4B7F-85FE-B25E53218B1C}.Debug|Mixed Platforms.ActiveCfg = Debug|Any CPU
		{9CC6D0FB-5881-4B7F-85FE-B25E53218B1C}.Debug|Mixed Platforms.Build.0 = Debug|Any CPU
		{9CC6D0FB-5881-4B7F-85FE-B25E53218B1C}.Debug|x86.ActiveCfg = Debug|Any CPU
		{9CC6D0FB-5881-4B7F-85FE-B25E53218B1C}.Release|Any CPU.ActiveCfg = Release|Any CPU
		{9CC6D0FB-5881-4B7F-85FE-B25E53218B1C}.Release|Any CPU.Build.0 = Release|Any CPU
		{9CC6D0FB-5881-4B7F-85FE-B25E53218B1C}.Release|Mixed Platforms.ActiveCfg = Release|Any CPU
		{9CC6D0FB-5881-4B7F-85FE-B25E53218B1C}.Release|Mixed Platforms.Build.0 = Release|Any CPU
		{9CC6D0FB-5881-4B7F-85FE-B25E53218B1C}.Release|x86.ActiveCfg = Release|Any CPU
		{00B8B3D0-9893-4F64-9227-810B980CC853}.Debug|Any CPU.ActiveCfg = Debug|Any CPU
		{00B8B3D0-9893-4F64-9227-810B980CC853}.Debug|Any CPU.Build.0 = Debug|Any CPU
		{00B8B3D0-9893-4F64-9227-810B980CC853}.Debug|Mixed Platforms.ActiveCfg = Debug|Any CPU
		{00B8B3D0-9893-4F64-9227-810B980CC853}.Debug|Mixed Platforms.Build.0 = Debug|Any CPU
		{00B8B3D0-9893-4F64-9227-810B980CC853}.Debug|x86.ActiveCfg = Debug|Any CPU
		{00B8B3D0-9893-4F64-9227-810B980CC853}.Release|Any CPU.ActiveCfg = Release|Any CPU
		{00B8B3D0-9893-4F64-9227-810B980CC853}.Release|Any CPU.Build.0 = Release|Any CPU
		{00B8B3D0-9893-4F64-9227-810B980CC853}.Release|Mixed Platforms.ActiveCfg = Release|Any CPU
		{00B8B3D0-9893-4F64-9227-810B980CC853}.Release|Mixed Platforms.Build.0 = Release|Any CPU
		{00B8B3D0-9893-4F64-9227-810B980CC853}.Release|x86.ActiveCfg = Release|Any CPU
		{20BB8B50-EAE0-47C8-88FD-B0F454F105AF}.Debug|Any CPU.ActiveCfg = Debug|x86
		{20BB8B50-EAE0-47C8-88FD-B0F454F105AF}.Debug|Mixed Platforms.ActiveCfg = Debug|x86
		{20BB8B50-EAE0-47C8-88FD-B0F454F105AF}.Debug|Mixed Platforms.Build.0 = Debug|x86
		{20BB8B50-EAE0-47C8-88FD-B0F454F105AF}.Debug|x86.ActiveCfg = Debug|x86
		{20BB8B50-EAE0-47C8-88FD-B0F454F105AF}.Debug|x86.Build.0 = Debug|x86
		{20BB8B50-EAE0-47C8-88FD-B0F454F105AF}.Release|Any CPU.ActiveCfg = Release|x86
		{20BB8B50-EAE0-47C8-88FD-B0F454F105AF}.Release|Mixed Platforms.ActiveCfg = Release|x86
		{20BB8B50-EAE0-47C8-88FD-B0F454F105AF}.Release|Mixed Platforms.Build.0 = Release|x86
		{20BB8B50-EAE0-47C8-88FD-B0F454F105AF}.Release|x86.ActiveCfg = Release|x86
		{20BB8B50-EAE0-47C8-88FD-B0F454F105AF}.Release|x86.Build.0 = Release|x86
		{95522E16-B242-4CF8-8769-9426889CECE5}.Debug|Any CPU.ActiveCfg = Debug|x86
		{95522E16-B242-4CF8-8769-9426889CECE5}.Debug|Mixed Platforms.ActiveCfg = Debug|x86
		{95522E16-B242-4CF8-8769-9426889CECE5}.Debug|Mixed Platforms.Build.0 = Debug|x86
		{95522E16-B242-4CF8-8769-9426889CECE5}.Debug|x86.ActiveCfg = Debug|x86
		{95522E16-B242-4CF8-8769-9426889CECE5}.Debug|x86.Build.0 = Debug|x86
		{95522E16-B242-4CF8-8769-9426889CECE5}.Release|Any CPU.ActiveCfg = Release|x86
		{95522E16-B242-4CF8-8769-9426889CECE5}.Release|Mixed Platforms.ActiveCfg = Release|x86
		{95522E16-B242-4CF8-8769-9426889CECE5}.Release|Mixed Platforms.Build.0 = Release|x86
		{95522E16-B242-4CF8-8769-9426889CECE5}.Release|x86.ActiveCfg = Release|x86
		{95522E16-B242-4CF8-8769-9426889CECE5}.Release|x86.Build.0 = Release|x86
		{74DABD81-5515-48B7-8D6C-D12838027E92}.Debug|Any CPU.ActiveCfg = Debug|x86
		{74DABD81-5515-48B7-8D6C-D12838027E92}.Debug|Mixed Platforms.ActiveCfg = Debug|x86
		{74DABD81-5515-48B7-8D6C-D12838027E92}.Debug|Mixed Platforms.Build.0 = Debug|x86
		{74DABD81-5515-48B7-8D6C-D12838027E92}.Debug|x86.ActiveCfg = Debug|x86
		{74DABD81-5515-48B7-8D6C-D12838027E92}.Debug|x86.Build.0 = Debug|x86
		{74DABD81-5515-48B7-8D6C-D12838027E92}.Release|Any CPU.ActiveCfg = Release|x86
		{74DABD81-5515-48B7-8D6C-D12838027E92}.Release|Mixed Platforms.ActiveCfg = Release|x86
		{74DABD81-5515-48B7-8D6C-D12838027E92}.Release|Mixed Platforms.Build.0 = Release|x86
		{74DABD81-5515-48B7-8D6C-D12838027E92}.Release|x86.ActiveCfg = Release|x86
		{74DABD81-5515-48B7-8D6C-D12838027E92}.Release|x86.Build.0 = Release|x86
		{A0ACD3F4-8280-4C40-AECE-F735F8064342}.Debug|Any CPU.ActiveCfg = Debug|x86
		{A0ACD3F4-8280-4C40-AECE-F735F8064342}.Debug|Mixed Platforms.ActiveCfg = Debug|x86
		{A0ACD3F4-8280-4C40-AECE-F735F8064342}.Debug|Mixed Platforms.Build.0 = Debug|x86
		{A0ACD3F4-8280-4C40-AECE-F735F8064342}.Debug|x86.ActiveCfg = Debug|x86
		{A0ACD3F4-8280-4C40-AECE-F735F8064342}.Debug|x86.Build.0 = Debug|x86
		{A0ACD3F4-8280-4C40-AECE-F735F8064342}.Release|Any CPU.ActiveCfg = Release|x86
		{A0ACD3F4-8280-4C40-AECE-F735F8064342}.Release|Mixed Platforms.ActiveCfg = Release|x86
		{A0ACD3F4-8280-4C40-AECE-F735F8064342}.Release|Mixed Platforms.Build.0 = Release|x86
		{A0ACD3F4-8280-4C40-AECE-F735F8064342}.Release|x86.ActiveCfg = Release|x86
		{A0ACD3F4-8280-4C40-AECE-F735F8064342}.Release|x86.Build.0 = Release|x86
		{D073879F-93E4-482E-93DD-252C055C3342}.Debug|Any CPU.ActiveCfg = Debug|x86
		{D073879F-93E4-482E-93DD-252C055C3342}.Debug|Mixed Platforms.ActiveCfg = Debug|x86
		{D073879F-93E4-482E-93DD-252C055C3342}.Debug|Mixed Platforms.Build.0 = Debug|x86
		{D073879F-93E4-482E-93DD-252C055C3342}.Debug|x86.ActiveCfg = Debug|x86
		{D073879F-93E4-482E-93DD-252C055C3342}.Debug|x86.Build.0 = Debug|x86
		{D073879F-93E4-482E-93DD-252C055C3342}.Release|Any CPU.ActiveCfg = Release|x86
		{D073879F-93E4-482E-93DD-252C055C3342}.Release|Mixed Platforms.ActiveCfg = Release|x86
		{D073879F-93E4-482E-93DD-252C055C3342}.Release|Mixed Platforms.Build.0 = Release|x86
		{D073879F-93E4-482E-93DD-252C055C3342}.Release|x86.ActiveCfg = Release|x86
		{D073879F-93E4-482E-93DD-252C055C3342}.Release|x86.Build.0 = Release|x86
		{F52AA636-16A0-4AC6-B3B9-4AD38E2FF7F7}.Debug|Any CPU.ActiveCfg = Debug|x86
		{F52AA636-16A0-4AC6-B3B9-4AD38E2FF7F7}.Debug|Mixed Platforms.ActiveCfg = Debug|x86
		{F52AA636-16A0-4AC6-B3B9-4AD38E2FF7F7}.Debug|Mixed Platforms.Build.0 = Debug|x86
		{F52AA636-16A0-4AC6-B3B9-4AD38E2FF7F7}.Debug|x86.ActiveCfg = Debug|x86
		{F52AA636-16A0-4AC6-B3B9-4AD38E2FF7F7}.Debug|x86.Build.0 = Debug|x86
		{F52AA636-16A0-4AC6-B3B9-4AD38E2FF7F7}.Release|Any CPU.ActiveCfg = Release|x86
		{F52AA636-16A0-4AC6-B3B9-4AD38E2FF7F7}.Release|Mixed Platforms.ActiveCfg = Release|x86
		{F52AA636-16A0-4AC6-B3B9-4AD38E2FF7F7}.Release|Mixed Platforms.Build.0 = Release|x86
		{F52AA636-16A0-4AC6-B3B9-4AD38E2FF7F7}.Release|x86.ActiveCfg = Release|x86
		{F52AA636-16A0-4AC6-B3B9-4AD38E2FF7F7}.Release|x86.Build.0 = Release|x86
		{DA71F68A-C114-497D-BEBB-4782B0E48A03}.Debug|Any CPU.ActiveCfg = Debug|x86
		{DA71F68A-C114-497D-BEBB-4782B0E48A03}.Debug|Mixed Platforms.ActiveCfg = Debug|x86
		{DA71F68A-C114-497D-BEBB-4782B0E48A03}.Debug|Mixed Platforms.Build.0 = Debug|x86
		{DA71F68A-C114-497D-BEBB-4782B0E48A03}.Debug|x86.ActiveCfg = Debug|x86
		{DA71F68A-C114-497D-BEBB-4782B0E48A03}.Debug|x86.Build.0 = Debug|x86
		{DA71F68A-C114-497D-BEBB-4782B0E48A03}.Release|Any CPU.ActiveCfg = Release|x86
		{DA71F68A-C114-497D-BEBB-4782B0E48A03}.Release|Mixed Platforms.ActiveCfg = Release|x86
		{DA71F68A-C114-497D-BEBB-4782B0E48A03}.Release|Mixed Platforms.Build.0 = Release|x86
		{DA71F68A-C114-497D-BEBB-4782B0E48A03}.Release|x86.ActiveCfg = Release|x86
		{DA71F68A-C114-497D-BEBB-4782B0E48A03}.Release|x86.Build.0 = Release|x86
		{EC519587-48A6-4455-8178-6BD825798B9E}.Debug|Any CPU.ActiveCfg = Debug|x86
		{EC519587-48A6-4455-8178-6BD825798B9E}.Debug|Mixed Platforms.ActiveCfg = Debug|x86
		{EC519587-48A6-4455-8178-6BD825798B9E}.Debug|Mixed Platforms.Build.0 = Debug|x86
		{EC519587-48A6-4455-8178-6BD825798B9E}.Debug|x86.ActiveCfg = Debug|x86
		{EC519587-48A6-4455-8178-6BD825798B9E}.Debug|x86.Build.0 = Debug|x86
		{EC519587-48A6-4455-8178-6BD825798B9E}.Release|Any CPU.ActiveCfg = Release|x86
		{EC519587-48A6-4455-8178-6BD825798B9E}.Release|Mixed Platforms.ActiveCfg = Release|x86
		{EC519587-48A6-4455-8178-6BD825798B9E}.Release|Mixed Platforms.Build.0 = Release|x86
		{EC519587-48A6-4455-8178-6BD825798B9E}.Release|x86.ActiveCfg = Release|x86
		{EC519587-48A6-4455-8178-6BD825798B9E}.Release|x86.Build.0 = Release|x86
		{DA18DBF7-ACE6-48C8-A10D-73C067BB04AB}.Debug|Any CPU.ActiveCfg = Debug|x86
		{DA18DBF7-ACE6-48C8-A10D-73C067BB04AB}.Debug|Mixed Platforms.ActiveCfg = Debug|x86
		{DA18DBF7-ACE6-48C8-A10D-73C067BB04AB}.Debug|Mixed Platforms.Build.0 = Debug|x86
		{DA18DBF7-ACE6-48C8-A10D-73C067BB04AB}.Debug|x86.ActiveCfg = Debug|x86
		{DA18DBF7-ACE6-48C8-A10D-73C067BB04AB}.Debug|x86.Build.0 = Debug|x86
		{DA18DBF7-ACE6-48C8-A10D-73C067BB04AB}.Release|Any CPU.ActiveCfg = Release|x86
		{DA18DBF7-ACE6-48C8-A10D-73C067BB04AB}.Release|Mixed Platforms.ActiveCfg = Release|x86
		{DA18DBF7-ACE6-48C8-A10D-73C067BB04AB}.Release|Mixed Platforms.Build.0 = Release|x86
		{DA18DBF7-ACE6-48C8-A10D-73C067BB04AB}.Release|x86.ActiveCfg = Release|x86
		{DA18DBF7-ACE6-48C8-A10D-73C067BB04AB}.Release|x86.Build.0 = Release|x86
		{910CAB4E-D8F1-41F2-AA34-C06D6162FACF}.Debug|Any CPU.ActiveCfg = Debug|x86
		{910CAB4E-D8F1-41F2-AA34-C06D6162FACF}.Debug|Mixed Platforms.ActiveCfg = Debug|x86
		{910CAB4E-D8F1-41F2-AA34-C06D6162FACF}.Debug|Mixed Platforms.Build.0 = Debug|x86
		{910CAB4E-D8F1-41F2-AA34-C06D6162FACF}.Debug|x86.ActiveCfg = Debug|x86
		{910CAB4E-D8F1-41F2-AA34-C06D6162FACF}.Debug|x86.Build.0 = Debug|x86
		{910CAB4E-D8F1-41F2-AA34-C06D6162FACF}.Release|Any CPU.ActiveCfg = Release|x86
		{910CAB4E-D8F1-41F2-AA34-C06D6162FACF}.Release|Mixed Platforms.ActiveCfg = Release|x86
		{910CAB4E-D8F1-41F2-AA34-C06D6162FACF}.Release|Mixed Platforms.Build.0 = Release|x86
		{910CAB4E-D8F1-41F2-AA34-C06D6162FACF}.Release|x86.ActiveCfg = Release|x86
		{910CAB4E-D8F1-41F2-AA34-C06D6162FACF}.Release|x86.Build.0 = Release|x86
		{7FAC4857-1CF7-453C-9A2D-FD554329EC60}.Debug|Any CPU.ActiveCfg = Debug|x86
		{7FAC4857-1CF7-453C-9A2D-FD554329EC60}.Debug|Mixed Platforms.ActiveCfg = Debug|x86
		{7FAC4857-1CF7-453C-9A2D-FD554329EC60}.Debug|Mixed Platforms.Build.0 = Debug|x86
		{7FAC4857-1CF7-453C-9A2D-FD554329EC60}.Debug|x86.ActiveCfg = Debug|x86
		{7FAC4857-1CF7-453C-9A2D-FD554329EC60}.Debug|x86.Build.0 = Debug|x86
		{7FAC4857-1CF7-453C-9A2D-FD554329EC60}.Release|Any CPU.ActiveCfg = Release|x86
		{7FAC4857-1CF7-453C-9A2D-FD554329EC60}.Release|Mixed Platforms.ActiveCfg = Release|x86
		{7FAC4857-1CF7-453C-9A2D-FD554329EC60}.Release|Mixed Platforms.Build.0 = Release|x86
		{7FAC4857-1CF7-453C-9A2D-FD554329EC60}.Release|x86.ActiveCfg = Release|x86
		{7FAC4857-1CF7-453C-9A2D-FD554329EC60}.Release|x86.Build.0 = Release|x86
		{7A77C106-C65C-4BFD-9AAD-CFE14C76E5DE}.Debug|Any CPU.ActiveCfg = Debug|x86
		{7A77C106-C65C-4BFD-9AAD-CFE14C76E5DE}.Debug|Mixed Platforms.ActiveCfg = Debug|x86
		{7A77C106-C65C-4BFD-9AAD-CFE14C76E5DE}.Debug|Mixed Platforms.Build.0 = Debug|x86
		{7A77C106-C65C-4BFD-9AAD-CFE14C76E5DE}.Debug|x86.ActiveCfg = Debug|x86
		{7A77C106-C65C-4BFD-9AAD-CFE14C76E5DE}.Debug|x86.Build.0 = Debug|x86
		{7A77C106-C65C-4BFD-9AAD-CFE14C76E5DE}.Release|Any CPU.ActiveCfg = Release|x86
		{7A77C106-C65C-4BFD-9AAD-CFE14C76E5DE}.Release|Mixed Platforms.ActiveCfg = Release|x86
		{7A77C106-C65C-4BFD-9AAD-CFE14C76E5DE}.Release|Mixed Platforms.Build.0 = Release|x86
		{7A77C106-C65C-4BFD-9AAD-CFE14C76E5DE}.Release|x86.ActiveCfg = Release|x86
		{7A77C106-C65C-4BFD-9AAD-CFE14C76E5DE}.Release|x86.Build.0 = Release|x86
		{16E5E02E-8E81-42C0-AA8E-5519C5459EC9}.Debug|Any CPU.ActiveCfg = Debug|x86
		{16E5E02E-8E81-42C0-AA8E-5519C5459EC9}.Debug|Mixed Platforms.ActiveCfg = Debug|x86
		{16E5E02E-8E81-42C0-AA8E-5519C5459EC9}.Debug|Mixed Platforms.Build.0 = Debug|x86
		{16E5E02E-8E81-42C0-AA8E-5519C5459EC9}.Debug|x86.ActiveCfg = Debug|x86
		{16E5E02E-8E81-42C0-AA8E-5519C5459EC9}.Debug|x86.Build.0 = Debug|x86
		{16E5E02E-8E81-42C0-AA8E-5519C5459EC9}.Release|Any CPU.ActiveCfg = Release|x86
		{16E5E02E-8E81-42C0-AA8E-5519C5459EC9}.Release|Mixed Platforms.ActiveCfg = Release|x86
		{16E5E02E-8E81-42C0-AA8E-5519C5459EC9}.Release|Mixed Platforms.Build.0 = Release|x86
		{16E5E02E-8E81-42C0-AA8E-5519C5459EC9}.Release|x86.ActiveCfg = Release|x86
		{16E5E02E-8E81-42C0-AA8E-5519C5459EC9}.Release|x86.Build.0 = Release|x86
		{159EFE65-62B6-40EE-85FB-49B22584A2EB}.Debug|Any CPU.ActiveCfg = Debug|x86
		{159EFE65-62B6-40EE-85FB-49B22584A2EB}.Debug|Mixed Platforms.ActiveCfg = Debug|x86
		{159EFE65-62B6-40EE-85FB-49B22584A2EB}.Debug|Mixed Platforms.Build.0 = Debug|x86
		{159EFE65-62B6-40EE-85FB-49B22584A2EB}.Debug|x86.ActiveCfg = Debug|x86
		{159EFE65-62B6-40EE-85FB-49B22584A2EB}.Debug|x86.Build.0 = Debug|x86
		{159EFE65-62B6-40EE-85FB-49B22584A2EB}.Release|Any CPU.ActiveCfg = Release|x86
		{159EFE65-62B6-40EE-85FB-49B22584A2EB}.Release|Mixed Platforms.ActiveCfg = Release|x86
		{159EFE65-62B6-40EE-85FB-49B22584A2EB}.Release|Mixed Platforms.Build.0 = Release|x86
		{159EFE65-62B6-40EE-85FB-49B22584A2EB}.Release|x86.ActiveCfg = Release|x86
		{159EFE65-62B6-40EE-85FB-49B22584A2EB}.Release|x86.Build.0 = Release|x86
		{99087251-EF98-4E74-8FD7-F364E553F3EB}.Debug|Any CPU.ActiveCfg = Debug|Any CPU
		{99087251-EF98-4E74-8FD7-F364E553F3EB}.Debug|Any CPU.Build.0 = Debug|Any CPU
		{99087251-EF98-4E74-8FD7-F364E553F3EB}.Debug|Mixed Platforms.ActiveCfg = Debug|Any CPU
		{99087251-EF98-4E74-8FD7-F364E553F3EB}.Debug|Mixed Platforms.Build.0 = Debug|Any CPU
		{99087251-EF98-4E74-8FD7-F364E553F3EB}.Debug|x86.ActiveCfg = Debug|Any CPU
		{99087251-EF98-4E74-8FD7-F364E553F3EB}.Release|Any CPU.ActiveCfg = Release|Any CPU
		{99087251-EF98-4E74-8FD7-F364E553F3EB}.Release|Any CPU.Build.0 = Release|Any CPU
		{99087251-EF98-4E74-8FD7-F364E553F3EB}.Release|Mixed Platforms.ActiveCfg = Release|Any CPU
		{99087251-EF98-4E74-8FD7-F364E553F3EB}.Release|Mixed Platforms.Build.0 = Release|Any CPU
		{99087251-EF98-4E74-8FD7-F364E553F3EB}.Release|x86.ActiveCfg = Release|Any CPU
		{FD1B92C8-8FD1-4982-9171-CE23947C2455}.Debug|Any CPU.ActiveCfg = Debug|Any CPU
		{FD1B92C8-8FD1-4982-9171-CE23947C2455}.Debug|Any CPU.Build.0 = Debug|Any CPU
		{FD1B92C8-8FD1-4982-9171-CE23947C2455}.Debug|Mixed Platforms.ActiveCfg = Debug|Any CPU
		{FD1B92C8-8FD1-4982-9171-CE23947C2455}.Debug|Mixed Platforms.Build.0 = Debug|Any CPU
		{FD1B92C8-8FD1-4982-9171-CE23947C2455}.Debug|x86.ActiveCfg = Debug|Any CPU
		{FD1B92C8-8FD1-4982-9171-CE23947C2455}.Release|Any CPU.ActiveCfg = Release|Any CPU
		{FD1B92C8-8FD1-4982-9171-CE23947C2455}.Release|Any CPU.Build.0 = Release|Any CPU
		{FD1B92C8-8FD1-4982-9171-CE23947C2455}.Release|Mixed Platforms.ActiveCfg = Release|Any CPU
		{FD1B92C8-8FD1-4982-9171-CE23947C2455}.Release|Mixed Platforms.Build.0 = Release|Any CPU
		{FD1B92C8-8FD1-4982-9171-CE23947C2455}.Release|x86.ActiveCfg = Release|Any CPU
		{01DC47DB-66C4-4CAC-BC32-BD7C84BBE36F}.Debug|Any CPU.ActiveCfg = Debug|Any CPU
		{01DC47DB-66C4-4CAC-BC32-BD7C84BBE36F}.Debug|Any CPU.Build.0 = Debug|Any CPU
		{01DC47DB-66C4-4CAC-BC32-BD7C84BBE36F}.Debug|Mixed Platforms.ActiveCfg = Debug|Any CPU
		{01DC47DB-66C4-4CAC-BC32-BD7C84BBE36F}.Debug|Mixed Platforms.Build.0 = Debug|Any CPU
		{01DC47DB-66C4-4CAC-BC32-BD7C84BBE36F}.Debug|x86.ActiveCfg = Debug|Any CPU
		{01DC47DB-66C4-4CAC-BC32-BD7C84BBE36F}.Release|Any CPU.ActiveCfg = Release|Any CPU
		{01DC47DB-66C4-4CAC-BC32-BD7C84BBE36F}.Release|Any CPU.Build.0 = Release|Any CPU
		{01DC47DB-66C4-4CAC-BC32-BD7C84BBE36F}.Release|Mixed Platforms.ActiveCfg = Release|Any CPU
		{01DC47DB-66C4-4CAC-BC32-BD7C84BBE36F}.Release|Mixed Platforms.Build.0 = Release|Any CPU
		{01DC47DB-66C4-4CAC-BC32-BD7C84BBE36F}.Release|x86.ActiveCfg = Release|Any CPU
		{5A0866B5-E427-464E-B1EC-B72C4B99F4C4}.Debug|Any CPU.ActiveCfg = Debug|Any CPU
		{5A0866B5-E427-464E-B1EC-B72C4B99F4C4}.Debug|Any CPU.Build.0 = Debug|Any CPU
		{5A0866B5-E427-464E-B1EC-B72C4B99F4C4}.Debug|Mixed Platforms.ActiveCfg = Debug|Any CPU
		{5A0866B5-E427-464E-B1EC-B72C4B99F4C4}.Debug|Mixed Platforms.Build.0 = Debug|Any CPU
		{5A0866B5-E427-464E-B1EC-B72C4B99F4C4}.Debug|x86.ActiveCfg = Debug|Any CPU
		{5A0866B5-E427-464E-B1EC-B72C4B99F4C4}.Release|Any CPU.ActiveCfg = Release|Any CPU
		{5A0866B5-E427-464E-B1EC-B72C4B99F4C4}.Release|Any CPU.Build.0 = Release|Any CPU
		{5A0866B5-E427-464E-B1EC-B72C4B99F4C4}.Release|Mixed Platforms.ActiveCfg = Release|Any CPU
		{5A0866B5-E427-464E-B1EC-B72C4B99F4C4}.Release|Mixed Platforms.Build.0 = Release|Any CPU
		{5A0866B5-E427-464E-B1EC-B72C4B99F4C4}.Release|x86.ActiveCfg = Release|Any CPU
		{650B78B2-AC6C-4BC4-BD63-4A6BDDA956E7}.Debug|Any CPU.ActiveCfg = Debug|Any CPU
		{650B78B2-AC6C-4BC4-BD63-4A6BDDA956E7}.Debug|Any CPU.Build.0 = Debug|Any CPU
		{650B78B2-AC6C-4BC4-BD63-4A6BDDA956E7}.Debug|Mixed Platforms.ActiveCfg = Debug|Any CPU
		{650B78B2-AC6C-4BC4-BD63-4A6BDDA956E7}.Debug|Mixed Platforms.Build.0 = Debug|Any CPU
		{650B78B2-AC6C-4BC4-BD63-4A6BDDA956E7}.Debug|x86.ActiveCfg = Debug|Any CPU
		{650B78B2-AC6C-4BC4-BD63-4A6BDDA956E7}.Release|Any CPU.ActiveCfg = Release|Any CPU
		{650B78B2-AC6C-4BC4-BD63-4A6BDDA956E7}.Release|Any CPU.Build.0 = Release|Any CPU
		{650B78B2-AC6C-4BC4-BD63-4A6BDDA956E7}.Release|Mixed Platforms.ActiveCfg = Release|Any CPU
		{650B78B2-AC6C-4BC4-BD63-4A6BDDA956E7}.Release|Mixed Platforms.Build.0 = Release|Any CPU
		{650B78B2-AC6C-4BC4-BD63-4A6BDDA956E7}.Release|x86.ActiveCfg = Release|Any CPU
		{F511CA7F-181A-45AB-97FD-7740B5BB1BC0}.Debug|Any CPU.ActiveCfg = Debug|Any CPU
		{F511CA7F-181A-45AB-97FD-7740B5BB1BC0}.Debug|Any CPU.Build.0 = Debug|Any CPU
		{F511CA7F-181A-45AB-97FD-7740B5BB1BC0}.Debug|Mixed Platforms.ActiveCfg = Debug|Any CPU
		{F511CA7F-181A-45AB-97FD-7740B5BB1BC0}.Debug|Mixed Platforms.Build.0 = Debug|Any CPU
		{F511CA7F-181A-45AB-97FD-7740B5BB1BC0}.Debug|x86.ActiveCfg = Debug|Any CPU
		{F511CA7F-181A-45AB-97FD-7740B5BB1BC0}.Release|Any CPU.ActiveCfg = Release|Any CPU
		{F511CA7F-181A-45AB-97FD-7740B5BB1BC0}.Release|Any CPU.Build.0 = Release|Any CPU
		{F511CA7F-181A-45AB-97FD-7740B5BB1BC0}.Release|Mixed Platforms.ActiveCfg = Release|Any CPU
		{F511CA7F-181A-45AB-97FD-7740B5BB1BC0}.Release|Mixed Platforms.Build.0 = Release|Any CPU
		{F511CA7F-181A-45AB-97FD-7740B5BB1BC0}.Release|x86.ActiveCfg = Release|Any CPU
		{CF530C9A-C98E-4C7A-AFF0-440B5D9BFAE4}.Debug|Any CPU.ActiveCfg = Debug|Any CPU
		{CF530C9A-C98E-4C7A-AFF0-440B5D9BFAE4}.Debug|Any CPU.Build.0 = Debug|Any CPU
		{CF530C9A-C98E-4C7A-AFF0-440B5D9BFAE4}.Debug|Mixed Platforms.ActiveCfg = Debug|Any CPU
		{CF530C9A-C98E-4C7A-AFF0-440B5D9BFAE4}.Debug|Mixed Platforms.Build.0 = Debug|Any CPU
		{CF530C9A-C98E-4C7A-AFF0-440B5D9BFAE4}.Debug|x86.ActiveCfg = Debug|Any CPU
		{CF530C9A-C98E-4C7A-AFF0-440B5D9BFAE4}.Release|Any CPU.ActiveCfg = Release|Any CPU
		{CF530C9A-C98E-4C7A-AFF0-440B5D9BFAE4}.Release|Any CPU.Build.0 = Release|Any CPU
		{CF530C9A-C98E-4C7A-AFF0-440B5D9BFAE4}.Release|Mixed Platforms.ActiveCfg = Release|Any CPU
		{CF530C9A-C98E-4C7A-AFF0-440B5D9BFAE4}.Release|Mixed Platforms.Build.0 = Release|Any CPU
		{CF530C9A-C98E-4C7A-AFF0-440B5D9BFAE4}.Release|x86.ActiveCfg = Release|Any CPU
	EndGlobalSection
	GlobalSection(SolutionProperties) = preSolution
		HideSolutionNode = FALSE
	EndGlobalSection
EndGlobal
