
Microsoft Visual Studio Solution File, Format Version 11.00
# Visual C# Express 2010
Project("{FAE04EC0-301F-11D3-BF4B-00C04F79EFBC}") = "01.DecimalToBinary", "01.DecimalToBinary\01.DecimalToBinary.csproj", "{9A9844D9-941B-406B-AD7B-D1824C8980C9}"
EndProject
Project("{FAE04EC0-301F-11D3-BF4B-00C04F79EFBC}") = "02.BinaryToDecimal", "02.BinaryToDecimal\02.BinaryToDecimal.csproj", "{BE2FA58B-8EF3-4805-96C2-ACCAA5C1F4D8}"
EndProject
Project("{FAE04EC0-301F-11D3-BF4B-00C04F79EFBC}") = "03.DecimalToHexidecimal", "03.DecimalToHexidecimal\03.DecimalToHexidecimal.csproj", "{24D69642-401C-44B8-BF59-D90EEA37B83F}"
EndProject
Project("{FAE04EC0-301F-11D3-BF4B-00C04F79EFBC}") = "04.HexToDecimal", "04.HexToDecimal\04.HexToDecimal.csproj", "{F4D52CA5-7CF4-4756-8F58-C22401C1C76B}"
EndProject
Project("{FAE04EC0-301F-11D3-BF4B-00C04F79EFBC}") = "05.HexToBinDirect", "05.HexToBinDirect\05.HexToBinDirect.csproj", "{97596AD3-C7F5-455A-9708-692256C532A9}"
EndProject
Project("{FAE04EC0-301F-11D3-BF4B-00C04F79EFBC}") = "06.BinToHexDirect", "06.BinToHexDirect\06.BinToHexDirect.csproj", "{C5F615BD-3E70-4256-81F5-BB746D7240A7}"
EndProject
Project("{FAE04EC0-301F-11D3-BF4B-00C04F79EFBC}") = "07.BaseConversion", "07.BaseConversion\07.BaseConversion.csproj", "{E2036BB8-660F-41AD-AB7A-C95863E5AEBC}"
EndProject
Project("{FAE04EC0-301F-11D3-BF4B-00C04F79EFBC}") = "08.SignedIntToBinary", "08.SignedIntToBinary\08.SignedIntToBinary.csproj", "{A9EF1961-DE93-4B0D-94A9-E44C6EB0B0B9}"
EndProject
Project("{FAE04EC0-301F-11D3-BF4B-00C04F79EFBC}") = "09.FloatToBinary", "09.FloatToBinary\09.FloatToBinary.csproj", "{BC374AA8-6D5A-4A36-99CD-DC3BF527C7B6}"
EndProject
Global
	GlobalSection(SolutionConfigurationPlatforms) = preSolution
		Debug|x86 = Debug|x86
		Release|x86 = Release|x86
	EndGlobalSection
	GlobalSection(ProjectConfigurationPlatforms) = postSolution
		{9A9844D9-941B-406B-AD7B-D1824C8980C9}.Debug|x86.ActiveCfg = Debug|x86
		{9A9844D9-941B-406B-AD7B-D1824C8980C9}.Debug|x86.Build.0 = Debug|x86
		{9A9844D9-941B-406B-AD7B-D1824C8980C9}.Release|x86.ActiveCfg = Release|x86
		{9A9844D9-941B-406B-AD7B-D1824C8980C9}.Release|x86.Build.0 = Release|x86
		{BE2FA58B-8EF3-4805-96C2-ACCAA5C1F4D8}.Debug|x86.ActiveCfg = Debug|x86
		{BE2FA58B-8EF3-4805-96C2-ACCAA5C1F4D8}.Debug|x86.Build.0 = Debug|x86
		{BE2FA58B-8EF3-4805-96C2-ACCAA5C1F4D8}.Release|x86.ActiveCfg = Release|x86
		{BE2FA58B-8EF3-4805-96C2-ACCAA5C1F4D8}.Release|x86.Build.0 = Release|x86
		{24D69642-401C-44B8-BF59-D90EEA37B83F}.Debug|x86.ActiveCfg = Debug|x86
		{24D69642-401C-44B8-BF59-D90EEA37B83F}.Debug|x86.Build.0 = Debug|x86
		{24D69642-401C-44B8-BF59-D90EEA37B83F}.Release|x86.ActiveCfg = Release|x86
		{24D69642-401C-44B8-BF59-D90EEA37B83F}.Release|x86.Build.0 = Release|x86
		{F4D52CA5-7CF4-4756-8F58-C22401C1C76B}.Debug|x86.ActiveCfg = Debug|x86
		{F4D52CA5-7CF4-4756-8F58-C22401C1C76B}.Debug|x86.Build.0 = Debug|x86
		{F4D52CA5-7CF4-4756-8F58-C22401C1C76B}.Release|x86.ActiveCfg = Release|x86
		{F4D52CA5-7CF4-4756-8F58-C22401C1C76B}.Release|x86.Build.0 = Release|x86
		{97596AD3-C7F5-455A-9708-692256C532A9}.Debug|x86.ActiveCfg = Debug|x86
		{97596AD3-C7F5-455A-9708-692256C532A9}.Debug|x86.Build.0 = Debug|x86
		{97596AD3-C7F5-455A-9708-692256C532A9}.Release|x86.ActiveCfg = Release|x86
		{97596AD3-C7F5-455A-9708-692256C532A9}.Release|x86.Build.0 = Release|x86
		{C5F615BD-3E70-4256-81F5-BB746D7240A7}.Debug|x86.ActiveCfg = Debug|x86
		{C5F615BD-3E70-4256-81F5-BB746D7240A7}.Debug|x86.Build.0 = Debug|x86
		{C5F615BD-3E70-4256-81F5-BB746D7240A7}.Release|x86.ActiveCfg = Release|x86
		{C5F615BD-3E70-4256-81F5-BB746D7240A7}.Release|x86.Build.0 = Release|x86
		{E2036BB8-660F-41AD-AB7A-C95863E5AEBC}.Debug|x86.ActiveCfg = Debug|x86
		{E2036BB8-660F-41AD-AB7A-C95863E5AEBC}.Debug|x86.Build.0 = Debug|x86
		{E2036BB8-660F-41AD-AB7A-C95863E5AEBC}.Release|x86.ActiveCfg = Release|x86
		{E2036BB8-660F-41AD-AB7A-C95863E5AEBC}.Release|x86.Build.0 = Release|x86
		{A9EF1961-DE93-4B0D-94A9-E44C6EB0B0B9}.Debug|x86.ActiveCfg = Debug|x86
		{A9EF1961-DE93-4B0D-94A9-E44C6EB0B0B9}.Debug|x86.Build.0 = Debug|x86
		{A9EF1961-DE93-4B0D-94A9-E44C6EB0B0B9}.Release|x86.ActiveCfg = Release|x86
		{A9EF1961-DE93-4B0D-94A9-E44C6EB0B0B9}.Release|x86.Build.0 = Release|x86
		{BC374AA8-6D5A-4A36-99CD-DC3BF527C7B6}.Debug|x86.ActiveCfg = Debug|x86
		{BC374AA8-6D5A-4A36-99CD-DC3BF527C7B6}.Debug|x86.Build.0 = Debug|x86
		{BC374AA8-6D5A-4A36-99CD-DC3BF527C7B6}.Release|x86.ActiveCfg = Release|x86
		{BC374AA8-6D5A-4A36-99CD-DC3BF527C7B6}.Release|x86.Build.0 = Release|x86
	EndGlobalSection
	GlobalSection(SolutionProperties) = preSolution
		HideSolutionNode = FALSE
	EndGlobalSection
EndGlobal
