
Microsoft Visual Studio Solution File, Format Version 12.00
# Visual Studio 2012
Project("{FAE04EC0-301F-11D3-BF4B-00C04F79EFBC}") = "SchoolStructure", "SchoolStructure\SchoolStructure.csproj", "{0F35E559-25A7-4EEB-B222-92F281BBA276}"
EndProject
Project("{FAE04EC0-301F-11D3-BF4B-00C04F79EFBC}") = "TestSchoolStructure", "TestSchoolStructure\TestSchoolStructure.csproj", "{AC165459-3BBE-4F29-B47B-870E97C9FCBC}"
EndProject
Global
	GlobalSection(SolutionConfigurationPlatforms) = preSolution
		Debug|Any CPU = Debug|Any CPU
		Release|Any CPU = Release|Any CPU
	EndGlobalSection
	GlobalSection(ProjectConfigurationPlatforms) = postSolution
		{0F35E559-25A7-4EEB-B222-92F281BBA276}.Debug|Any CPU.ActiveCfg = Debug|Any CPU
		{0F35E559-25A7-4EEB-B222-92F281BBA276}.Debug|Any CPU.Build.0 = Debug|Any CPU
		{0F35E559-25A7-4EEB-B222-92F281BBA276}.Release|Any CPU.ActiveCfg = Release|Any CPU
		{0F35E559-25A7-4EEB-B222-92F281BBA276}.Release|Any CPU.Build.0 = Release|Any CPU
		{AC165459-3BBE-4F29-B47B-870E97C9FCBC}.Debug|Any CPU.ActiveCfg = Debug|Any CPU
		{AC165459-3BBE-4F29-B47B-870E97C9FCBC}.Debug|Any CPU.Build.0 = Debug|Any CPU
		{AC165459-3BBE-4F29-B47B-870E97C9FCBC}.Release|Any CPU.ActiveCfg = Release|Any CPU
		{AC165459-3BBE-4F29-B47B-870E97C9FCBC}.Release|Any CPU.Build.0 = Release|Any CPU
	EndGlobalSection
	GlobalSection(SolutionProperties) = preSolution
		HideSolutionNode = FALSE
	EndGlobalSection
EndGlobal
