
Microsoft Visual Studio Solution File, Format Version 12.00
# Visual Studio 2012
Project("{FAE04EC0-301F-11D3-BF4B-00C04F79EFBC}") = "01.PhpTask", "01.PhpTask\01.PhpTask.csproj", "{503D1D86-A24D-42D1-BE84-BA7AE38838FB}"
EndProject
Project("{FAE04EC0-301F-11D3-BF4B-00C04F79EFBC}") = "05.Brackets", "05.Brackets\05.Brackets.csproj", "{DDE0DA84-65AA-4034-84E8-1E80E30AD90D}"
EndProject
Project("{FAE04EC0-301F-11D3-BF4B-00C04F79EFBC}") = "03.Tubes", "03.Tubes\03.Tubes.csproj", "{B98BBAD3-BC26-4D03-91AE-369937364AB9}"
EndProject
Global
	GlobalSection(SolutionConfigurationPlatforms) = preSolution
		Debug|Any CPU = Debug|Any CPU
		Release|Any CPU = Release|Any CPU
	EndGlobalSection
	GlobalSection(ProjectConfigurationPlatforms) = postSolution
		{503D1D86-A24D-42D1-BE84-BA7AE38838FB}.Debug|Any CPU.ActiveCfg = Debug|Any CPU
		{503D1D86-A24D-42D1-BE84-BA7AE38838FB}.Debug|Any CPU.Build.0 = Debug|Any CPU
		{503D1D86-A24D-42D1-BE84-BA7AE38838FB}.Release|Any CPU.ActiveCfg = Release|Any CPU
		{503D1D86-A24D-42D1-BE84-BA7AE38838FB}.Release|Any CPU.Build.0 = Release|Any CPU
		{DDE0DA84-65AA-4034-84E8-1E80E30AD90D}.Debug|Any CPU.ActiveCfg = Debug|Any CPU
		{DDE0DA84-65AA-4034-84E8-1E80E30AD90D}.Debug|Any CPU.Build.0 = Debug|Any CPU
		{DDE0DA84-65AA-4034-84E8-1E80E30AD90D}.Release|Any CPU.ActiveCfg = Release|Any CPU
		{DDE0DA84-65AA-4034-84E8-1E80E30AD90D}.Release|Any CPU.Build.0 = Release|Any CPU
		{B98BBAD3-BC26-4D03-91AE-369937364AB9}.Debug|Any CPU.ActiveCfg = Debug|Any CPU
		{B98BBAD3-BC26-4D03-91AE-369937364AB9}.Debug|Any CPU.Build.0 = Debug|Any CPU
		{B98BBAD3-BC26-4D03-91AE-369937364AB9}.Release|Any CPU.ActiveCfg = Release|Any CPU
		{B98BBAD3-BC26-4D03-91AE-369937364AB9}.Release|Any CPU.Build.0 = Release|Any CPU
	EndGlobalSection
	GlobalSection(SolutionProperties) = preSolution
		HideSolutionNode = FALSE
	EndGlobalSection
EndGlobal
