
Microsoft Visual Studio Solution File, Format Version 12.00
# Visual Studio 2012
Project("{FAE04EC0-301F-11D3-BF4B-00C04F79EFBC}") = "01.StudentData", "01.StudentData\01.StudentData.csproj", "{56CB0E5B-6D7B-4CB1-9DDE-0CBEE5CC775C}"
EndProject
Project("{FAE04EC0-301F-11D3-BF4B-00C04F79EFBC}") = "02.StorageOfArticles", "02.StorageOfArticles\02.StorageOfArticles.csproj", "{F0945A96-FB3F-4F87-904B-8942E4D8FBA4}"
EndProject
Global
	GlobalSection(SolutionConfigurationPlatforms) = preSolution
		Debug|Any CPU = Debug|Any CPU
		Release|Any CPU = Release|Any CPU
	EndGlobalSection
	GlobalSection(ProjectConfigurationPlatforms) = postSolution
		{56CB0E5B-6D7B-4CB1-9DDE-0CBEE5CC775C}.Debug|Any CPU.ActiveCfg = Debug|Any CPU
		{56CB0E5B-6D7B-4CB1-9DDE-0CBEE5CC775C}.Debug|Any CPU.Build.0 = Debug|Any CPU
		{56CB0E5B-6D7B-4CB1-9DDE-0CBEE5CC775C}.Release|Any CPU.ActiveCfg = Release|Any CPU
		{56CB0E5B-6D7B-4CB1-9DDE-0CBEE5CC775C}.Release|Any CPU.Build.0 = Release|Any CPU
		{F0945A96-FB3F-4F87-904B-8942E4D8FBA4}.Debug|Any CPU.ActiveCfg = Debug|Any CPU
		{F0945A96-FB3F-4F87-904B-8942E4D8FBA4}.Debug|Any CPU.Build.0 = Debug|Any CPU
		{F0945A96-FB3F-4F87-904B-8942E4D8FBA4}.Release|Any CPU.ActiveCfg = Release|Any CPU
		{F0945A96-FB3F-4F87-904B-8942E4D8FBA4}.Release|Any CPU.Build.0 = Release|Any CPU
	EndGlobalSection
	GlobalSection(SolutionProperties) = preSolution
		HideSolutionNode = FALSE
	EndGlobalSection
EndGlobal
