
Microsoft Visual Studio Solution File, Format Version 11.00
# Visual C# Express 2010
Project("{FAE04EC0-301F-11D3-BF4B-00C04F79EFBC}") = "01.ProperVariableNaming", "01.ProperVariableNaming\01.ProperVariableNaming.csproj", "{351D4E1F-C7CC-4171-96EA-F9AD5D01C3DE}"
EndProject
Project("{FAE04EC0-301F-11D3-BF4B-00C04F79EFBC}") = "02.VariableUsageAndBestPractices", "02.VariableUsageAndBestPractices\02.VariableUsageAndBestPractices.csproj", "{7420019C-98FA-4A17-93BA-B9A6E44C9E95}"
EndProject
Global
	GlobalSection(SolutionConfigurationPlatforms) = preSolution
		Debug|x86 = Debug|x86
		Release|x86 = Release|x86
	EndGlobalSection
	GlobalSection(ProjectConfigurationPlatforms) = postSolution
		{351D4E1F-C7CC-4171-96EA-F9AD5D01C3DE}.Debug|x86.ActiveCfg = Debug|x86
		{351D4E1F-C7CC-4171-96EA-F9AD5D01C3DE}.Debug|x86.Build.0 = Debug|x86
		{351D4E1F-C7CC-4171-96EA-F9AD5D01C3DE}.Release|x86.ActiveCfg = Release|x86
		{351D4E1F-C7CC-4171-96EA-F9AD5D01C3DE}.Release|x86.Build.0 = Release|x86
		{7420019C-98FA-4A17-93BA-B9A6E44C9E95}.Debug|x86.ActiveCfg = Debug|x86
		{7420019C-98FA-4A17-93BA-B9A6E44C9E95}.Debug|x86.Build.0 = Debug|x86
		{7420019C-98FA-4A17-93BA-B9A6E44C9E95}.Release|x86.ActiveCfg = Release|x86
		{7420019C-98FA-4A17-93BA-B9A6E44C9E95}.Release|x86.Build.0 = Release|x86
	EndGlobalSection
	GlobalSection(SolutionProperties) = preSolution
		HideSolutionNode = FALSE
	EndGlobalSection
EndGlobal
