
Microsoft Visual Studio Solution File, Format Version 12.00
# Visual Studio 2012
Project("{FAE04EC0-301F-11D3-BF4B-00C04F79EFBC}") = "FormattedCode - JS", "FormattedCode - JS\FormattedCode - JS.csproj", "{C3143EB7-BA6F-4EAF-8E9C-5E1101763A9F}"
EndProject
Project("{FAE04EC0-301F-11D3-BF4B-00C04F79EFBC}") = "FormattedCode - Csharp", "FormattedCode - CSharp\FormattedCode - Csharp.csproj", "{B6791272-F893-4AA1-870E-60ECAD020753}"
EndProject
Global
	GlobalSection(SolutionConfigurationPlatforms) = preSolution
		Debug|Any CPU = Debug|Any CPU
		Release|Any CPU = Release|Any CPU
	EndGlobalSection
	GlobalSection(ProjectConfigurationPlatforms) = postSolution
		{C3143EB7-BA6F-4EAF-8E9C-5E1101763A9F}.Debug|Any CPU.ActiveCfg = Debug|Any CPU
		{C3143EB7-BA6F-4EAF-8E9C-5E1101763A9F}.Debug|Any CPU.Build.0 = Debug|Any CPU
		{C3143EB7-BA6F-4EAF-8E9C-5E1101763A9F}.Release|Any CPU.ActiveCfg = Release|Any CPU
		{C3143EB7-BA6F-4EAF-8E9C-5E1101763A9F}.Release|Any CPU.Build.0 = Release|Any CPU
		{B6791272-F893-4AA1-870E-60ECAD020753}.Debug|Any CPU.ActiveCfg = Debug|Any CPU
		{B6791272-F893-4AA1-870E-60ECAD020753}.Debug|Any CPU.Build.0 = Debug|Any CPU
		{B6791272-F893-4AA1-870E-60ECAD020753}.Release|Any CPU.ActiveCfg = Release|Any CPU
		{B6791272-F893-4AA1-870E-60ECAD020753}.Release|Any CPU.Build.0 = Release|Any CPU
	EndGlobalSection
	GlobalSection(SolutionProperties) = preSolution
		HideSolutionNode = FALSE
	EndGlobalSection
EndGlobal
