
Microsoft Visual Studio Solution File, Format Version 12.00
# Visual Studio 2012
Project("{FAE04EC0-301F-11D3-BF4B-00C04F79EFBC}") = "01.ProvadiaNumbers", "01.ProvadiaNumbers\01.ProvadiaNumbers.csproj", "{0654666C-CA55-49AC-9732-499E90552B9A}"
EndProject
Project("{FAE04EC0-301F-11D3-BF4B-00C04F79EFBC}") = "02.Midget", "02.Midget\02.Midget.csproj", "{3BA2E516-9B14-4D5D-A342-FC7FA25CEB7B}"
EndProject
Project("{FAE04EC0-301F-11D3-BF4B-00C04F79EFBC}") = "03.BallInCuboid", "03.BallInCubois\03.BallInCuboid.csproj", "{AAF9051C-8AB9-491D-9B6F-0B52C407B921}"
EndProject
Project("{FAE04EC0-301F-11D3-BF4B-00C04F79EFBC}") = "04.AlignBoth", "04.AlignBoth\04.AlignBoth.csproj", "{15F996DB-3BB8-473A-BE3C-F3ECC6FB9FE6}"
EndProject
Global
	GlobalSection(SolutionConfigurationPlatforms) = preSolution
		Debug|Any CPU = Debug|Any CPU
		Release|Any CPU = Release|Any CPU
	EndGlobalSection
	GlobalSection(ProjectConfigurationPlatforms) = postSolution
		{0654666C-CA55-49AC-9732-499E90552B9A}.Debug|Any CPU.ActiveCfg = Debug|Any CPU
		{0654666C-CA55-49AC-9732-499E90552B9A}.Debug|Any CPU.Build.0 = Debug|Any CPU
		{0654666C-CA55-49AC-9732-499E90552B9A}.Release|Any CPU.ActiveCfg = Release|Any CPU
		{0654666C-CA55-49AC-9732-499E90552B9A}.Release|Any CPU.Build.0 = Release|Any CPU
		{3BA2E516-9B14-4D5D-A342-FC7FA25CEB7B}.Debug|Any CPU.ActiveCfg = Debug|Any CPU
		{3BA2E516-9B14-4D5D-A342-FC7FA25CEB7B}.Debug|Any CPU.Build.0 = Debug|Any CPU
		{3BA2E516-9B14-4D5D-A342-FC7FA25CEB7B}.Release|Any CPU.ActiveCfg = Release|Any CPU
		{3BA2E516-9B14-4D5D-A342-FC7FA25CEB7B}.Release|Any CPU.Build.0 = Release|Any CPU
		{AAF9051C-8AB9-491D-9B6F-0B52C407B921}.Debug|Any CPU.ActiveCfg = Debug|Any CPU
		{AAF9051C-8AB9-491D-9B6F-0B52C407B921}.Debug|Any CPU.Build.0 = Debug|Any CPU
		{AAF9051C-8AB9-491D-9B6F-0B52C407B921}.Release|Any CPU.ActiveCfg = Release|Any CPU
		{AAF9051C-8AB9-491D-9B6F-0B52C407B921}.Release|Any CPU.Build.0 = Release|Any CPU
		{15F996DB-3BB8-473A-BE3C-F3ECC6FB9FE6}.Debug|Any CPU.ActiveCfg = Debug|Any CPU
		{15F996DB-3BB8-473A-BE3C-F3ECC6FB9FE6}.Debug|Any CPU.Build.0 = Debug|Any CPU
		{15F996DB-3BB8-473A-BE3C-F3ECC6FB9FE6}.Release|Any CPU.ActiveCfg = Release|Any CPU
		{15F996DB-3BB8-473A-BE3C-F3ECC6FB9FE6}.Release|Any CPU.Build.0 = Release|Any CPU
	EndGlobalSection
	GlobalSection(SolutionProperties) = preSolution
		HideSolutionNode = FALSE
	EndGlobalSection
EndGlobal
